
Microsoft Visual Studio Solution File, Format Version 12.00
# Visual Studio Version 16
VisualStudioVersion = 16.0.33423.256
MinimumVisualStudioVersion = 10.0.40219.1
Project("{FAE04EC0-301F-11D3-BF4B-00C04F79EFBC}") = "CSVReader_WPF", "CSVReader_WPF.csproj", "{C965539A-4CDD-4669-B3E6-52F3C41800AB}"
EndProject
Global
	GlobalSection(SolutionConfigurationPlatforms) = preSolution
		Debug|Any CPU = Debug|Any CPU
		Release|Any CPU = Release|Any CPU
	EndGlobalSection
	GlobalSection(ProjectConfigurationPlatforms) = postSolution
		{C965539A-4CDD-4669-B3E6-52F3C41800AB}.Debug|Any CPU.ActiveCfg = Debug|Any CPU
		{C965539A-4CDD-4669-B3E6-52F3C41800AB}.Debug|Any CPU.Build.0 = Debug|Any CPU
		{C965539A-4CDD-4669-B3E6-52F3C41800AB}.Release|Any CPU.ActiveCfg = Release|Any CPU
		{C965539A-4CDD-4669-B3E6-52F3C41800AB}.Release|Any CPU.Build.0 = Release|Any CPU
	EndGlobalSection
	GlobalSection(SolutionProperties) = preSolution
		HideSolutionNode = FALSE
	EndGlobalSection
	GlobalSection(ExtensibilityGlobals) = postSolution
		SolutionGuid = {D037D813-4275-48FF-BB5B-CE00418AA25E}
	EndGlobalSection
EndGlobal
